
Microsoft Visual Studio Solution File, Format Version 12.00
# Visual Studio Version 17
VisualStudioVersion = 17.13.35825.156
MinimumVisualStudioVersion = 10.0.40219.1
Project("{FAE04EC0-301F-11D3-BF4B-00C04F79EFBC}") = "MiniUdemyWebAPI", "MiniUdemyWebAPI\MiniUdemyWebAPI.csproj", "{5270A45D-24E8-48D6-BC62-CF279D789905}"
EndProject
Global
	GlobalSection(SolutionConfigurationPlatforms) = preSolution
		Debug|Any CPU = Debug|Any CPU
		Release|Any CPU = Release|Any CPU
	EndGlobalSection
	GlobalSection(ProjectConfigurationPlatforms) = postSolution
		{5270A45D-24E8-48D6-BC62-CF279D789905}.Debug|Any CPU.ActiveCfg = Debug|Any CPU
		{5270A45D-24E8-48D6-BC62-CF279D789905}.Debug|Any CPU.Build.0 = Debug|Any CPU
		{5270A45D-24E8-48D6-BC62-CF279D789905}.Release|Any CPU.ActiveCfg = Release|Any CPU
		{5270A45D-24E8-48D6-BC62-CF279D789905}.Release|Any CPU.Build.0 = Release|Any CPU
	EndGlobalSection
	GlobalSection(SolutionProperties) = preSolution
		HideSolutionNode = FALSE
	EndGlobalSection
	GlobalSection(ExtensibilityGlobals) = postSolution
		SolutionGuid = {328AC29F-5830-426C-89CB-EDE977C5B773}
	EndGlobalSection
EndGlobal
